{
    "symfony/password-hasher": {
        "version": "v5.3.3"
    },
    "symfony/polyfill-php81": {
        "version": "v1.23.0"
    },
    "symfony/ux-swup": {
        "version": "v1.3.0"
    },
    "symfony/webpack-encore-bundle": {
        "version": "1.9",
        "recipe": {
            "repo": "github.com/symfony/recipes",
            "branch": "master",
            "version": "1.9",
            "ref": "9399a0bfc6ee7a0c019f952bca46d6a6045dd451"
        },
        "files": [
            "assets/app.js",
            "assets/bootstrap.js",
            "assets/controllers.json",
            "assets/controllers/hello_controller.js",
            "assets/styles/app.css",
            "config/packages/assets.yaml",
            "config/packages/prod/webpack_encore.yaml",
            "config/packages/test/webpack_encore.yaml",
            "config/packages/webpack_encore.yaml",
            "package.json",
            "webpack.config.js"
        ]
    }
}
